
Microsoft Visual Studio Solution File, Format Version 12.00
# Visual Studio Version 17
VisualStudioVersion = 17.8.34330.188
MinimumVisualStudioVersion = 10.0.40219.1
Project("{FAE04EC0-301F-11D3-BF4B-00C04F79EFBC}") = "StoichiometryLibrary", "StoichiometryLibrary\StoichiometryLibrary.csproj", "{3A153390-A56C-416C-8C0E-45A3B375A298}"
EndProject
Project("{FAE04EC0-301F-11D3-BF4B-00C04F79EFBC}") = "Stoichiometry", "Stoichiometry\Stoichiometry.csproj", "{06722D24-3D58-4A3A-BDC8-1F2D3F97EF6F}"
EndProject
Global
	GlobalSection(SolutionConfigurationPlatforms) = preSolution
		Debug|Any CPU = Debug|Any CPU
		Release|Any CPU = Release|Any CPU
	EndGlobalSection
	GlobalSection(ProjectConfigurationPlatforms) = postSolution
		{3A153390-A56C-416C-8C0E-45A3B375A298}.Debug|Any CPU.ActiveCfg = Debug|Any CPU
		{3A153390-A56C-416C-8C0E-45A3B375A298}.Debug|Any CPU.Build.0 = Debug|Any CPU
		{3A153390-A56C-416C-8C0E-45A3B375A298}.Release|Any CPU.ActiveCfg = Release|Any CPU
		{3A153390-A56C-416C-8C0E-45A3B375A298}.Release|Any CPU.Build.0 = Release|Any CPU
		{06722D24-3D58-4A3A-BDC8-1F2D3F97EF6F}.Debug|Any CPU.ActiveCfg = Debug|Any CPU
		{06722D24-3D58-4A3A-BDC8-1F2D3F97EF6F}.Debug|Any CPU.Build.0 = Debug|Any CPU
		{06722D24-3D58-4A3A-BDC8-1F2D3F97EF6F}.Release|Any CPU.ActiveCfg = Release|Any CPU
		{06722D24-3D58-4A3A-BDC8-1F2D3F97EF6F}.Release|Any CPU.Build.0 = Release|Any CPU
	EndGlobalSection
	GlobalSection(SolutionProperties) = preSolution
		HideSolutionNode = FALSE
	EndGlobalSection
	GlobalSection(ExtensibilityGlobals) = postSolution
		SolutionGuid = {AE60369E-4593-4121-AEC3-0DA7402AE506}
	EndGlobalSection
EndGlobal
